
Microsoft Visual Studio Solution File, Format Version 12.00
# Visual Studio Version 17
VisualStudioVersion = 17.8.34330.188
MinimumVisualStudioVersion = 10.0.40219.1
Project("{FAE04EC0-301F-11D3-BF4B-00C04F79EFBC}") = "SoapLab2", "SoapLab2\SoapLab2.csproj", "{2110479D-EC41-4794-A00E-03FC805619C4}"
EndProject
Global
	GlobalSection(SolutionConfigurationPlatforms) = preSolution
		Debug|Any CPU = Debug|Any CPU
		Release|Any CPU = Release|Any CPU
	EndGlobalSection
	GlobalSection(ProjectConfigurationPlatforms) = postSolution
		{2110479D-EC41-4794-A00E-03FC805619C4}.Debug|Any CPU.ActiveCfg = Debug|Any CPU
		{2110479D-EC41-4794-A00E-03FC805619C4}.Debug|Any CPU.Build.0 = Debug|Any CPU
		{2110479D-EC41-4794-A00E-03FC805619C4}.Release|Any CPU.ActiveCfg = Release|Any CPU
		{2110479D-EC41-4794-A00E-03FC805619C4}.Release|Any CPU.Build.0 = Release|Any CPU
	EndGlobalSection
	GlobalSection(SolutionProperties) = preSolution
		HideSolutionNode = FALSE
	EndGlobalSection
	GlobalSection(ExtensibilityGlobals) = postSolution
		SolutionGuid = {DC84EEF0-E1D8-47F0-859A-708321517987}
	EndGlobalSection
EndGlobal
